
Microsoft Visual Studio Solution File, Format Version 12.00
# Visual Studio 14
VisualStudioVersion = 14.0.25420.1
MinimumVisualStudioVersion = 10.0.40219.1
Project("{8BC9CEB8-8B4A-11D0-8D11-00A0C91BC942}") = "hook", "vsp\hook\hook.vcxproj", "{1C88408E-82F2-4449-BEA3-0B6AB5FE222C}"
EndProject
Project("{8BC9CEB8-8B4A-11D0-8D11-00A0C91BC942}") = "loader", "vsp\loader\loader.vcxproj", "{45A3B4DC-DF1D-4933-94AA-E22CD09817D5}"
	ProjectSection(ProjectDependencies) = postProject
		{1C88408E-82F2-4449-BEA3-0B6AB5FE222C} = {1C88408E-82F2-4449-BEA3-0B6AB5FE222C}
	EndProjectSection
EndProject
Project("{8BC9CEB8-8B4A-11D0-8D11-00A0C91BC942}") = "meter", "vsp\meter\meter.vcxproj", "{5BA5E8B3-6A9D-4D34-82E3-516A4DF1545B}"
	ProjectSection(ProjectDependencies) = postProject
		{341DE114-FA6D-4D4A-A238-570D36900135} = {341DE114-FA6D-4D4A-A238-570D36900135}
		{1C88408E-82F2-4449-BEA3-0B6AB5FE222C} = {1C88408E-82F2-4449-BEA3-0B6AB5FE222C}
	EndProjectSection
EndProject
Project("{8BC9CEB8-8B4A-11D0-8D11-00A0C91BC942}") = "core", "vsp\core\core.vcxproj", "{341DE114-FA6D-4D4A-A238-570D36900135}"
EndProject
Project("{8BC9CEB8-8B4A-11D0-8D11-00A0C91BC942}") = "server", "vsp\server\server.vcxproj", "{E1702982-F3E0-4A8B-A0C7-ECEBE83EF40A}"
	ProjectSection(ProjectDependencies) = postProject
		{341DE114-FA6D-4D4A-A238-570D36900135} = {341DE114-FA6D-4D4A-A238-570D36900135}
		{2F95FCDD-1D3E-46AB-89E2-D3F6D10884EC} = {2F95FCDD-1D3E-46AB-89E2-D3F6D10884EC}
	EndProjectSection
EndProject
Project("{8BC9CEB8-8B4A-11D0-8D11-00A0C91BC942}") = "client", "vsp\client\client.vcxproj", "{B9F3EFBB-4B22-43E6-A908-A8D0E803F94B}"
	ProjectSection(ProjectDependencies) = postProject
		{341DE114-FA6D-4D4A-A238-570D36900135} = {341DE114-FA6D-4D4A-A238-570D36900135}
	EndProjectSection
EndProject
Project("{8BC9CEB8-8B4A-11D0-8D11-00A0C91BC942}") = "sqlite3", "vsp\sqlite3\sqlite3.vcxproj", "{2F95FCDD-1D3E-46AB-89E2-D3F6D10884EC}"
EndProject
Project("{8BC9CEB8-8B4A-11D0-8D11-00A0C91BC942}") = "freetype", "src\freetype-2.7.1\builds\windows\vc2010\freetype.vcxproj", "{78B079BD-9FC7-4B9E-B4A6-96DA0F00248B}"
EndProject
Global
	GlobalSection(SolutionConfigurationPlatforms) = preSolution
		Debug FreetypeDLL|x64 = Debug FreetypeDLL|x64
		Debug FreetypeDLL|x86 = Debug FreetypeDLL|x86
		Debug FreetypeStatic|x64 = Debug FreetypeStatic|x64
		Debug FreetypeStatic|x86 = Debug FreetypeStatic|x86
		Debug_CRT|x64 = Debug_CRT|x64
		Debug_CRT|x86 = Debug_CRT|x86
		Debug|x64 = Debug|x64
		Debug|x86 = Debug|x86
		Release FreetypeDLL|x64 = Release FreetypeDLL|x64
		Release FreetypeDLL|x86 = Release FreetypeDLL|x86
		Release FreetypeStatic|x64 = Release FreetypeStatic|x64
		Release FreetypeStatic|x86 = Release FreetypeStatic|x86
		Release_CRT|x64 = Release_CRT|x64
		Release_CRT|x86 = Release_CRT|x86
		Release_NonTOS|x64 = Release_NonTOS|x64
		Release_NonTOS|x86 = Release_NonTOS|x86
		Release_Private|x64 = Release_Private|x64
		Release_Private|x86 = Release_Private|x86
		Release|x64 = Release|x64
		Release|x86 = Release|x86
	EndGlobalSection
	GlobalSection(ProjectConfigurationPlatforms) = postSolution
		{1C88408E-82F2-4449-BEA3-0B6AB5FE222C}.Debug FreetypeDLL|x64.ActiveCfg = Debug|x64
		{1C88408E-82F2-4449-BEA3-0B6AB5FE222C}.Debug FreetypeDLL|x64.Build.0 = Debug|x64
		{1C88408E-82F2-4449-BEA3-0B6AB5FE222C}.Debug FreetypeDLL|x86.ActiveCfg = Release|x64
		{1C88408E-82F2-4449-BEA3-0B6AB5FE222C}.Debug FreetypeDLL|x86.Build.0 = Release|x64
		{1C88408E-82F2-4449-BEA3-0B6AB5FE222C}.Debug FreetypeStatic|x64.ActiveCfg = Debug|x64
		{1C88408E-82F2-4449-BEA3-0B6AB5FE222C}.Debug FreetypeStatic|x64.Build.0 = Debug|x64
		{1C88408E-82F2-4449-BEA3-0B6AB5FE222C}.Debug FreetypeStatic|x86.ActiveCfg = Release|x64
		{1C88408E-82F2-4449-BEA3-0B6AB5FE222C}.Debug FreetypeStatic|x86.Build.0 = Release|x64
		{1C88408E-82F2-4449-BEA3-0B6AB5FE222C}.Debug_CRT|x64.ActiveCfg = Debug_CRT|x64
		{1C88408E-82F2-4449-BEA3-0B6AB5FE222C}.Debug_CRT|x64.Build.0 = Debug_CRT|x64
		{1C88408E-82F2-4449-BEA3-0B6AB5FE222C}.Debug_CRT|x86.ActiveCfg = Debug_CRT|x64
		{1C88408E-82F2-4449-BEA3-0B6AB5FE222C}.Debug|x64.ActiveCfg = Debug|x64
		{1C88408E-82F2-4449-BEA3-0B6AB5FE222C}.Debug|x64.Build.0 = Debug|x64
		{1C88408E-82F2-4449-BEA3-0B6AB5FE222C}.Debug|x86.ActiveCfg = Debug|x64
		{1C88408E-82F2-4449-BEA3-0B6AB5FE222C}.Release FreetypeDLL|x64.ActiveCfg = Release|x64
		{1C88408E-82F2-4449-BEA3-0B6AB5FE222C}.Release FreetypeDLL|x64.Build.0 = Release|x64
		{1C88408E-82F2-4449-BEA3-0B6AB5FE222C}.Release FreetypeDLL|x86.ActiveCfg = Release|x64
		{1C88408E-82F2-4449-BEA3-0B6AB5FE222C}.Release FreetypeDLL|x86.Build.0 = Release|x64
		{1C88408E-82F2-4449-BEA3-0B6AB5FE222C}.Release FreetypeStatic|x64.ActiveCfg = Release|x64
		{1C88408E-82F2-4449-BEA3-0B6AB5FE222C}.Release FreetypeStatic|x64.Build.0 = Release|x64
		{1C88408E-82F2-4449-BEA3-0B6AB5FE222C}.Release FreetypeStatic|x86.ActiveCfg = Release|x64
		{1C88408E-82F2-4449-BEA3-0B6AB5FE222C}.Release FreetypeStatic|x86.Build.0 = Release|x64
		{1C88408E-82F2-4449-BEA3-0B6AB5FE222C}.Release_CRT|x64.ActiveCfg = Release_CRT|x64
		{1C88408E-82F2-4449-BEA3-0B6AB5FE222C}.Release_CRT|x64.Build.0 = Release_CRT|x64
		{1C88408E-82F2-4449-BEA3-0B6AB5FE222C}.Release_CRT|x86.ActiveCfg = Release_CRT|x64
		{1C88408E-82F2-4449-BEA3-0B6AB5FE222C}.Release_NonTOS|x64.ActiveCfg = Release|x64
		{1C88408E-82F2-4449-BEA3-0B6AB5FE222C}.Release_NonTOS|x64.Build.0 = Release|x64
		{1C88408E-82F2-4449-BEA3-0B6AB5FE222C}.Release_NonTOS|x86.ActiveCfg = Release_CRT|x64
		{1C88408E-82F2-4449-BEA3-0B6AB5FE222C}.Release_NonTOS|x86.Build.0 = Release_CRT|x64
		{1C88408E-82F2-4449-BEA3-0B6AB5FE222C}.Release_Private|x64.ActiveCfg = Release|x64
		{1C88408E-82F2-4449-BEA3-0B6AB5FE222C}.Release_Private|x64.Build.0 = Release|x64
		{1C88408E-82F2-4449-BEA3-0B6AB5FE222C}.Release_Private|x86.ActiveCfg = Release_CRT|x64
		{1C88408E-82F2-4449-BEA3-0B6AB5FE222C}.Release_Private|x86.Build.0 = Release_CRT|x64
		{1C88408E-82F2-4449-BEA3-0B6AB5FE222C}.Release|x64.ActiveCfg = Release|x64
		{1C88408E-82F2-4449-BEA3-0B6AB5FE222C}.Release|x64.Build.0 = Release|x64
		{1C88408E-82F2-4449-BEA3-0B6AB5FE222C}.Release|x86.ActiveCfg = Release|x64
		{45A3B4DC-DF1D-4933-94AA-E22CD09817D5}.Debug FreetypeDLL|x64.ActiveCfg = Debug|x64
		{45A3B4DC-DF1D-4933-94AA-E22CD09817D5}.Debug FreetypeDLL|x64.Build.0 = Debug|x64
		{45A3B4DC-DF1D-4933-94AA-E22CD09817D5}.Debug FreetypeDLL|x86.ActiveCfg = Release|x64
		{45A3B4DC-DF1D-4933-94AA-E22CD09817D5}.Debug FreetypeDLL|x86.Build.0 = Release|x64
		{45A3B4DC-DF1D-4933-94AA-E22CD09817D5}.Debug FreetypeStatic|x64.ActiveCfg = Debug|x64
		{45A3B4DC-DF1D-4933-94AA-E22CD09817D5}.Debug FreetypeStatic|x64.Build.0 = Debug|x64
		{45A3B4DC-DF1D-4933-94AA-E22CD09817D5}.Debug FreetypeStatic|x86.ActiveCfg = Release|x64
		{45A3B4DC-DF1D-4933-94AA-E22CD09817D5}.Debug FreetypeStatic|x86.Build.0 = Release|x64
		{45A3B4DC-DF1D-4933-94AA-E22CD09817D5}.Debug_CRT|x64.ActiveCfg = Debug_CRT|x64
		{45A3B4DC-DF1D-4933-94AA-E22CD09817D5}.Debug_CRT|x64.Build.0 = Debug_CRT|x64
		{45A3B4DC-DF1D-4933-94AA-E22CD09817D5}.Debug_CRT|x86.ActiveCfg = Debug_CRT|x64
		{45A3B4DC-DF1D-4933-94AA-E22CD09817D5}.Debug|x64.ActiveCfg = Debug|x64
		{45A3B4DC-DF1D-4933-94AA-E22CD09817D5}.Debug|x64.Build.0 = Debug|x64
		{45A3B4DC-DF1D-4933-94AA-E22CD09817D5}.Debug|x86.ActiveCfg = Debug|x64
		{45A3B4DC-DF1D-4933-94AA-E22CD09817D5}.Release FreetypeDLL|x64.ActiveCfg = Release|x64
		{45A3B4DC-DF1D-4933-94AA-E22CD09817D5}.Release FreetypeDLL|x64.Build.0 = Release|x64
		{45A3B4DC-DF1D-4933-94AA-E22CD09817D5}.Release FreetypeDLL|x86.ActiveCfg = Release|x64
		{45A3B4DC-DF1D-4933-94AA-E22CD09817D5}.Release FreetypeDLL|x86.Build.0 = Release|x64
		{45A3B4DC-DF1D-4933-94AA-E22CD09817D5}.Release FreetypeStatic|x64.ActiveCfg = Release|x64
		{45A3B4DC-DF1D-4933-94AA-E22CD09817D5}.Release FreetypeStatic|x64.Build.0 = Release|x64
		{45A3B4DC-DF1D-4933-94AA-E22CD09817D5}.Release FreetypeStatic|x86.ActiveCfg = Release|x64
		{45A3B4DC-DF1D-4933-94AA-E22CD09817D5}.Release FreetypeStatic|x86.Build.0 = Release|x64
		{45A3B4DC-DF1D-4933-94AA-E22CD09817D5}.Release_CRT|x64.ActiveCfg = Release_CRT|x64
		{45A3B4DC-DF1D-4933-94AA-E22CD09817D5}.Release_CRT|x64.Build.0 = Release_CRT|x64
		{45A3B4DC-DF1D-4933-94AA-E22CD09817D5}.Release_CRT|x86.ActiveCfg = Release_CRT|x64
		{45A3B4DC-DF1D-4933-94AA-E22CD09817D5}.Release_NonTOS|x64.ActiveCfg = Release|x64
		{45A3B4DC-DF1D-4933-94AA-E22CD09817D5}.Release_NonTOS|x64.Build.0 = Release|x64
		{45A3B4DC-DF1D-4933-94AA-E22CD09817D5}.Release_NonTOS|x86.ActiveCfg = Release_CRT|x64
		{45A3B4DC-DF1D-4933-94AA-E22CD09817D5}.Release_NonTOS|x86.Build.0 = Release_CRT|x64
		{45A3B4DC-DF1D-4933-94AA-E22CD09817D5}.Release_Private|x64.ActiveCfg = Release|x64
		{45A3B4DC-DF1D-4933-94AA-E22CD09817D5}.Release_Private|x64.Build.0 = Release|x64
		{45A3B4DC-DF1D-4933-94AA-E22CD09817D5}.Release_Private|x86.ActiveCfg = Release_CRT|x64
		{45A3B4DC-DF1D-4933-94AA-E22CD09817D5}.Release_Private|x86.Build.0 = Release_CRT|x64
		{45A3B4DC-DF1D-4933-94AA-E22CD09817D5}.Release|x64.ActiveCfg = Release|x64
		{45A3B4DC-DF1D-4933-94AA-E22CD09817D5}.Release|x64.Build.0 = Release|x64
		{45A3B4DC-DF1D-4933-94AA-E22CD09817D5}.Release|x86.ActiveCfg = Release|x64
		{5BA5E8B3-6A9D-4D34-82E3-516A4DF1545B}.Debug FreetypeDLL|x64.ActiveCfg = Debug FreetypeDLL|x64
		{5BA5E8B3-6A9D-4D34-82E3-516A4DF1545B}.Debug FreetypeDLL|x64.Build.0 = Debug FreetypeDLL|x64
		{5BA5E8B3-6A9D-4D34-82E3-516A4DF1545B}.Debug FreetypeDLL|x86.ActiveCfg = Debug FreetypeDLL|x64
		{5BA5E8B3-6A9D-4D34-82E3-516A4DF1545B}.Debug FreetypeStatic|x64.ActiveCfg = Debug FreetypeStatic|x64
		{5BA5E8B3-6A9D-4D34-82E3-516A4DF1545B}.Debug FreetypeStatic|x64.Build.0 = Debug FreetypeStatic|x64
		{5BA5E8B3-6A9D-4D34-82E3-516A4DF1545B}.Debug FreetypeStatic|x86.ActiveCfg = Debug FreetypeStatic|x64
		{5BA5E8B3-6A9D-4D34-82E3-516A4DF1545B}.Debug_CRT|x64.ActiveCfg = Debug_CRT|x64
		{5BA5E8B3-6A9D-4D34-82E3-516A4DF1545B}.Debug_CRT|x64.Build.0 = Debug_CRT|x64
		{5BA5E8B3-6A9D-4D34-82E3-516A4DF1545B}.Debug_CRT|x86.ActiveCfg = Debug_CRT|x64
		{5BA5E8B3-6A9D-4D34-82E3-516A4DF1545B}.Debug|x64.ActiveCfg = Debug|x64
		{5BA5E8B3-6A9D-4D34-82E3-516A4DF1545B}.Debug|x64.Build.0 = Debug|x64
		{5BA5E8B3-6A9D-4D34-82E3-516A4DF1545B}.Debug|x86.ActiveCfg = Debug|x64
		{5BA5E8B3-6A9D-4D34-82E3-516A4DF1545B}.Release FreetypeDLL|x64.ActiveCfg = Release FreetypeDLL|x64
		{5BA5E8B3-6A9D-4D34-82E3-516A4DF1545B}.Release FreetypeDLL|x64.Build.0 = Release FreetypeDLL|x64
		{5BA5E8B3-6A9D-4D34-82E3-516A4DF1545B}.Release FreetypeDLL|x86.ActiveCfg = Release FreetypeDLL|x64
		{5BA5E8B3-6A9D-4D34-82E3-516A4DF1545B}.Release FreetypeStatic|x64.ActiveCfg = Release FreetypeStatic|x64
		{5BA5E8B3-6A9D-4D34-82E3-516A4DF1545B}.Release FreetypeStatic|x64.Build.0 = Release FreetypeStatic|x64
		{5BA5E8B3-6A9D-4D34-82E3-516A4DF1545B}.Release FreetypeStatic|x86.ActiveCfg = Release FreetypeStatic|x64
		{5BA5E8B3-6A9D-4D34-82E3-516A4DF1545B}.Release_CRT|x64.ActiveCfg = Release_CRT|x64
		{5BA5E8B3-6A9D-4D34-82E3-516A4DF1545B}.Release_CRT|x64.Build.0 = Release_CRT|x64
		{5BA5E8B3-6A9D-4D34-82E3-516A4DF1545B}.Release_CRT|x86.ActiveCfg = Release_CRT|x64
		{5BA5E8B3-6A9D-4D34-82E3-516A4DF1545B}.Release_NonTOS|x64.ActiveCfg = Release_NonTOS|x64
		{5BA5E8B3-6A9D-4D34-82E3-516A4DF1545B}.Release_NonTOS|x64.Build.0 = Release_NonTOS|x64
		{5BA5E8B3-6A9D-4D34-82E3-516A4DF1545B}.Release_NonTOS|x86.ActiveCfg = Release_NonTOS|x64
		{5BA5E8B3-6A9D-4D34-82E3-516A4DF1545B}.Release_Private|x64.ActiveCfg = Release_Private|x64
		{5BA5E8B3-6A9D-4D34-82E3-516A4DF1545B}.Release_Private|x64.Build.0 = Release_Private|x64
		{5BA5E8B3-6A9D-4D34-82E3-516A4DF1545B}.Release_Private|x86.ActiveCfg = Release_NonTOS|x64
		{5BA5E8B3-6A9D-4D34-82E3-516A4DF1545B}.Release|x64.ActiveCfg = Release|x64
		{5BA5E8B3-6A9D-4D34-82E3-516A4DF1545B}.Release|x64.Build.0 = Release|x64
		{5BA5E8B3-6A9D-4D34-82E3-516A4DF1545B}.Release|x86.ActiveCfg = Release|x64
		{341DE114-FA6D-4D4A-A238-570D36900135}.Debug FreetypeDLL|x64.ActiveCfg = Debug|x64
		{341DE114-FA6D-4D4A-A238-570D36900135}.Debug FreetypeDLL|x64.Build.0 = Debug|x64
		{341DE114-FA6D-4D4A-A238-570D36900135}.Debug FreetypeDLL|x86.ActiveCfg = Release|x64
		{341DE114-FA6D-4D4A-A238-570D36900135}.Debug FreetypeDLL|x86.Build.0 = Release|x64
		{341DE114-FA6D-4D4A-A238-570D36900135}.Debug FreetypeStatic|x64.ActiveCfg = Debug|x64
		{341DE114-FA6D-4D4A-A238-570D36900135}.Debug FreetypeStatic|x64.Build.0 = Debug|x64
		{341DE114-FA6D-4D4A-A238-570D36900135}.Debug FreetypeStatic|x86.ActiveCfg = Release|x64
		{341DE114-FA6D-4D4A-A238-570D36900135}.Debug FreetypeStatic|x86.Build.0 = Release|x64
		{341DE114-FA6D-4D4A-A238-570D36900135}.Debug_CRT|x64.ActiveCfg = Debug_CRT|x64
		{341DE114-FA6D-4D4A-A238-570D36900135}.Debug_CRT|x64.Build.0 = Debug_CRT|x64
		{341DE114-FA6D-4D4A-A238-570D36900135}.Debug_CRT|x86.ActiveCfg = Debug_CRT|x64
		{341DE114-FA6D-4D4A-A238-570D36900135}.Debug|x64.ActiveCfg = Debug|x64
		{341DE114-FA6D-4D4A-A238-570D36900135}.Debug|x64.Build.0 = Debug|x64
		{341DE114-FA6D-4D4A-A238-570D36900135}.Debug|x86.ActiveCfg = Debug|x64
		{341DE114-FA6D-4D4A-A238-570D36900135}.Release FreetypeDLL|x64.ActiveCfg = Release|x64
		{341DE114-FA6D-4D4A-A238-570D36900135}.Release FreetypeDLL|x64.Build.0 = Release|x64
		{341DE114-FA6D-4D4A-A238-570D36900135}.Release FreetypeDLL|x86.ActiveCfg = Release|x64
		{341DE114-FA6D-4D4A-A238-570D36900135}.Release FreetypeDLL|x86.Build.0 = Release|x64
		{341DE114-FA6D-4D4A-A238-570D36900135}.Release FreetypeStatic|x64.ActiveCfg = Release|x64
		{341DE114-FA6D-4D4A-A238-570D36900135}.Release FreetypeStatic|x64.Build.0 = Release|x64
		{341DE114-FA6D-4D4A-A238-570D36900135}.Release FreetypeStatic|x86.ActiveCfg = Release|x64
		{341DE114-FA6D-4D4A-A238-570D36900135}.Release FreetypeStatic|x86.Build.0 = Release|x64
		{341DE114-FA6D-4D4A-A238-570D36900135}.Release_CRT|x64.ActiveCfg = Release_CRT|x64
		{341DE114-FA6D-4D4A-A238-570D36900135}.Release_CRT|x64.Build.0 = Release_CRT|x64
		{341DE114-FA6D-4D4A-A238-570D36900135}.Release_CRT|x86.ActiveCfg = Release_CRT|x64
		{341DE114-FA6D-4D4A-A238-570D36900135}.Release_NonTOS|x64.ActiveCfg = Release|x64
		{341DE114-FA6D-4D4A-A238-570D36900135}.Release_NonTOS|x64.Build.0 = Release|x64
		{341DE114-FA6D-4D4A-A238-570D36900135}.Release_NonTOS|x86.ActiveCfg = Release_CRT|x64
		{341DE114-FA6D-4D4A-A238-570D36900135}.Release_NonTOS|x86.Build.0 = Release_CRT|x64
		{341DE114-FA6D-4D4A-A238-570D36900135}.Release_Private|x64.ActiveCfg = Release|x64
		{341DE114-FA6D-4D4A-A238-570D36900135}.Release_Private|x64.Build.0 = Release|x64
		{341DE114-FA6D-4D4A-A238-570D36900135}.Release_Private|x86.ActiveCfg = Release_CRT|x64
		{341DE114-FA6D-4D4A-A238-570D36900135}.Release_Private|x86.Build.0 = Release_CRT|x64
		{341DE114-FA6D-4D4A-A238-570D36900135}.Release|x64.ActiveCfg = Release|x64
		{341DE114-FA6D-4D4A-A238-570D36900135}.Release|x64.Build.0 = Release|x64
		{341DE114-FA6D-4D4A-A238-570D36900135}.Release|x86.ActiveCfg = Release|x64
		{E1702982-F3E0-4A8B-A0C7-ECEBE83EF40A}.Debug FreetypeDLL|x64.ActiveCfg = Debug|x64
		{E1702982-F3E0-4A8B-A0C7-ECEBE83EF40A}.Debug FreetypeDLL|x64.Build.0 = Debug|x64
		{E1702982-F3E0-4A8B-A0C7-ECEBE83EF40A}.Debug FreetypeDLL|x86.ActiveCfg = Release|x64
		{E1702982-F3E0-4A8B-A0C7-ECEBE83EF40A}.Debug FreetypeDLL|x86.Build.0 = Release|x64
		{E1702982-F3E0-4A8B-A0C7-ECEBE83EF40A}.Debug FreetypeStatic|x64.ActiveCfg = Debug|x64
		{E1702982-F3E0-4A8B-A0C7-ECEBE83EF40A}.Debug FreetypeStatic|x64.Build.0 = Debug|x64
		{E1702982-F3E0-4A8B-A0C7-ECEBE83EF40A}.Debug FreetypeStatic|x86.ActiveCfg = Release|x64
		{E1702982-F3E0-4A8B-A0C7-ECEBE83EF40A}.Debug FreetypeStatic|x86.Build.0 = Release|x64
		{E1702982-F3E0-4A8B-A0C7-ECEBE83EF40A}.Debug_CRT|x64.ActiveCfg = Debug_CRT|x64
		{E1702982-F3E0-4A8B-A0C7-ECEBE83EF40A}.Debug_CRT|x64.Build.0 = Debug_CRT|x64
		{E1702982-F3E0-4A8B-A0C7-ECEBE83EF40A}.Debug_CRT|x86.ActiveCfg = Debug_CRT|x64
		{E1702982-F3E0-4A8B-A0C7-ECEBE83EF40A}.Debug|x64.ActiveCfg = Debug|x64
		{E1702982-F3E0-4A8B-A0C7-ECEBE83EF40A}.Debug|x64.Build.0 = Debug|x64
		{E1702982-F3E0-4A8B-A0C7-ECEBE83EF40A}.Debug|x86.ActiveCfg = Debug|x64
		{E1702982-F3E0-4A8B-A0C7-ECEBE83EF40A}.Release FreetypeDLL|x64.ActiveCfg = Release|x64
		{E1702982-F3E0-4A8B-A0C7-ECEBE83EF40A}.Release FreetypeDLL|x64.Build.0 = Release|x64
		{E1702982-F3E0-4A8B-A0C7-ECEBE83EF40A}.Release FreetypeDLL|x86.ActiveCfg = Release|x64
		{E1702982-F3E0-4A8B-A0C7-ECEBE83EF40A}.Release FreetypeDLL|x86.Build.0 = Release|x64
		{E1702982-F3E0-4A8B-A0C7-ECEBE83EF40A}.Release FreetypeStatic|x64.ActiveCfg = Release|x64
		{E1702982-F3E0-4A8B-A0C7-ECEBE83EF40A}.Release FreetypeStatic|x64.Build.0 = Release|x64
		{E1702982-F3E0-4A8B-A0C7-ECEBE83EF40A}.Release FreetypeStatic|x86.ActiveCfg = Release|x64
		{E1702982-F3E0-4A8B-A0C7-ECEBE83EF40A}.Release FreetypeStatic|x86.Build.0 = Release|x64
		{E1702982-F3E0-4A8B-A0C7-ECEBE83EF40A}.Release_CRT|x64.ActiveCfg = Release_CRT|x64
		{E1702982-F3E0-4A8B-A0C7-ECEBE83EF40A}.Release_CRT|x64.Build.0 = Release_CRT|x64
		{E1702982-F3E0-4A8B-A0C7-ECEBE83EF40A}.Release_CRT|x86.ActiveCfg = Release_CRT|x64
		{E1702982-F3E0-4A8B-A0C7-ECEBE83EF40A}.Release_NonTOS|x64.ActiveCfg = Release_NonTOS|x64
		{E1702982-F3E0-4A8B-A0C7-ECEBE83EF40A}.Release_NonTOS|x64.Build.0 = Release_NonTOS|x64
		{E1702982-F3E0-4A8B-A0C7-ECEBE83EF40A}.Release_NonTOS|x86.ActiveCfg = Release_CRT|x64
		{E1702982-F3E0-4A8B-A0C7-ECEBE83EF40A}.Release_NonTOS|x86.Build.0 = Release_CRT|x64
		{E1702982-F3E0-4A8B-A0C7-ECEBE83EF40A}.Release_Private|x64.ActiveCfg = Release|x64
		{E1702982-F3E0-4A8B-A0C7-ECEBE83EF40A}.Release_Private|x64.Build.0 = Release|x64
		{E1702982-F3E0-4A8B-A0C7-ECEBE83EF40A}.Release_Private|x86.ActiveCfg = Release_CRT|x64
		{E1702982-F3E0-4A8B-A0C7-ECEBE83EF40A}.Release_Private|x86.Build.0 = Release_CRT|x64
		{E1702982-F3E0-4A8B-A0C7-ECEBE83EF40A}.Release|x64.ActiveCfg = Release|x64
		{E1702982-F3E0-4A8B-A0C7-ECEBE83EF40A}.Release|x64.Build.0 = Release|x64
		{E1702982-F3E0-4A8B-A0C7-ECEBE83EF40A}.Release|x86.ActiveCfg = Release|x64
		{B9F3EFBB-4B22-43E6-A908-A8D0E803F94B}.Debug FreetypeDLL|x64.ActiveCfg = Debug|x64
		{B9F3EFBB-4B22-43E6-A908-A8D0E803F94B}.Debug FreetypeDLL|x64.Build.0 = Debug|x64
		{B9F3EFBB-4B22-43E6-A908-A8D0E803F94B}.Debug FreetypeDLL|x86.ActiveCfg = Release|x64
		{B9F3EFBB-4B22-43E6-A908-A8D0E803F94B}.Debug FreetypeDLL|x86.Build.0 = Release|x64
		{B9F3EFBB-4B22-43E6-A908-A8D0E803F94B}.Debug FreetypeStatic|x64.ActiveCfg = Debug|x64
		{B9F3EFBB-4B22-43E6-A908-A8D0E803F94B}.Debug FreetypeStatic|x64.Build.0 = Debug|x64
		{B9F3EFBB-4B22-43E6-A908-A8D0E803F94B}.Debug FreetypeStatic|x86.ActiveCfg = Release|x64
		{B9F3EFBB-4B22-43E6-A908-A8D0E803F94B}.Debug FreetypeStatic|x86.Build.0 = Release|x64
		{B9F3EFBB-4B22-43E6-A908-A8D0E803F94B}.Debug_CRT|x64.ActiveCfg = Debug_CRT|x64
		{B9F3EFBB-4B22-43E6-A908-A8D0E803F94B}.Debug_CRT|x64.Build.0 = Debug_CRT|x64
		{B9F3EFBB-4B22-43E6-A908-A8D0E803F94B}.Debug_CRT|x86.ActiveCfg = Debug_CRT|x64
		{B9F3EFBB-4B22-43E6-A908-A8D0E803F94B}.Debug|x64.ActiveCfg = Debug|x64
		{B9F3EFBB-4B22-43E6-A908-A8D0E803F94B}.Debug|x64.Build.0 = Debug|x64
		{B9F3EFBB-4B22-43E6-A908-A8D0E803F94B}.Debug|x86.ActiveCfg = Debug|x64
		{B9F3EFBB-4B22-43E6-A908-A8D0E803F94B}.Release FreetypeDLL|x64.ActiveCfg = Release|x64
		{B9F3EFBB-4B22-43E6-A908-A8D0E803F94B}.Release FreetypeDLL|x64.Build.0 = Release|x64
		{B9F3EFBB-4B22-43E6-A908-A8D0E803F94B}.Release FreetypeDLL|x86.ActiveCfg = Release|x64
		{B9F3EFBB-4B22-43E6-A908-A8D0E803F94B}.Release FreetypeDLL|x86.Build.0 = Release|x64
		{B9F3EFBB-4B22-43E6-A908-A8D0E803F94B}.Release FreetypeStatic|x64.ActiveCfg = Release|x64
		{B9F3EFBB-4B22-43E6-A908-A8D0E803F94B}.Release FreetypeStatic|x64.Build.0 = Release|x64
		{B9F3EFBB-4B22-43E6-A908-A8D0E803F94B}.Release FreetypeStatic|x86.ActiveCfg = Release|x64
		{B9F3EFBB-4B22-43E6-A908-A8D0E803F94B}.Release FreetypeStatic|x86.Build.0 = Release|x64
		{B9F3EFBB-4B22-43E6-A908-A8D0E803F94B}.Release_CRT|x64.ActiveCfg = Release_CRT|x64
		{B9F3EFBB-4B22-43E6-A908-A8D0E803F94B}.Release_CRT|x64.Build.0 = Release_CRT|x64
		{B9F3EFBB-4B22-43E6-A908-A8D0E803F94B}.Release_CRT|x86.ActiveCfg = Release_CRT|x64
		{B9F3EFBB-4B22-43E6-A908-A8D0E803F94B}.Release_NonTOS|x64.ActiveCfg = Release|x64
		{B9F3EFBB-4B22-43E6-A908-A8D0E803F94B}.Release_NonTOS|x64.Build.0 = Release|x64
		{B9F3EFBB-4B22-43E6-A908-A8D0E803F94B}.Release_NonTOS|x86.ActiveCfg = Release_CRT|x64
		{B9F3EFBB-4B22-43E6-A908-A8D0E803F94B}.Release_NonTOS|x86.Build.0 = Release_CRT|x64
		{B9F3EFBB-4B22-43E6-A908-A8D0E803F94B}.Release_Private|x64.ActiveCfg = Release|x64
		{B9F3EFBB-4B22-43E6-A908-A8D0E803F94B}.Release_Private|x64.Build.0 = Release|x64
		{B9F3EFBB-4B22-43E6-A908-A8D0E803F94B}.Release_Private|x86.ActiveCfg = Release_CRT|x64
		{B9F3EFBB-4B22-43E6-A908-A8D0E803F94B}.Release_Private|x86.Build.0 = Release_CRT|x64
		{B9F3EFBB-4B22-43E6-A908-A8D0E803F94B}.Release|x64.ActiveCfg = Release|x64
		{B9F3EFBB-4B22-43E6-A908-A8D0E803F94B}.Release|x64.Build.0 = Release|x64
		{B9F3EFBB-4B22-43E6-A908-A8D0E803F94B}.Release|x86.ActiveCfg = Release|x64
		{2F95FCDD-1D3E-46AB-89E2-D3F6D10884EC}.Debug FreetypeDLL|x64.ActiveCfg = Debug|x64
		{2F95FCDD-1D3E-46AB-89E2-D3F6D10884EC}.Debug FreetypeDLL|x64.Build.0 = Debug|x64
		{2F95FCDD-1D3E-46AB-89E2-D3F6D10884EC}.Debug FreetypeDLL|x86.ActiveCfg = Debug|Win32
		{2F95FCDD-1D3E-46AB-89E2-D3F6D10884EC}.Debug FreetypeDLL|x86.Build.0 = Debug|Win32
		{2F95FCDD-1D3E-46AB-89E2-D3F6D10884EC}.Debug FreetypeStatic|x64.ActiveCfg = Debug|x64
		{2F95FCDD-1D3E-46AB-89E2-D3F6D10884EC}.Debug FreetypeStatic|x64.Build.0 = Debug|x64
		{2F95FCDD-1D3E-46AB-89E2-D3F6D10884EC}.Debug FreetypeStatic|x86.ActiveCfg = Debug|Win32
		{2F95FCDD-1D3E-46AB-89E2-D3F6D10884EC}.Debug FreetypeStatic|x86.Build.0 = Debug|Win32
		{2F95FCDD-1D3E-46AB-89E2-D3F6D10884EC}.Debug_CRT|x64.ActiveCfg = Debug_CRT|x64
		{2F95FCDD-1D3E-46AB-89E2-D3F6D10884EC}.Debug_CRT|x64.Build.0 = Debug_CRT|x64
		{2F95FCDD-1D3E-46AB-89E2-D3F6D10884EC}.Debug_CRT|x86.ActiveCfg = Debug_CRT|Win32
		{2F95FCDD-1D3E-46AB-89E2-D3F6D10884EC}.Debug_CRT|x86.Build.0 = Debug_CRT|Win32
		{2F95FCDD-1D3E-46AB-89E2-D3F6D10884EC}.Debug|x64.ActiveCfg = Debug|x64
		{2F95FCDD-1D3E-46AB-89E2-D3F6D10884EC}.Debug|x64.Build.0 = Debug|x64
		{2F95FCDD-1D3E-46AB-89E2-D3F6D10884EC}.Debug|x86.ActiveCfg = Debug|Win32
		{2F95FCDD-1D3E-46AB-89E2-D3F6D10884EC}.Debug|x86.Build.0 = Debug|Win32
		{2F95FCDD-1D3E-46AB-89E2-D3F6D10884EC}.Release FreetypeDLL|x64.ActiveCfg = Release|x64
		{2F95FCDD-1D3E-46AB-89E2-D3F6D10884EC}.Release FreetypeDLL|x64.Build.0 = Release|x64
		{2F95FCDD-1D3E-46AB-89E2-D3F6D10884EC}.Release FreetypeDLL|x86.ActiveCfg = Release|Win32
		{2F95FCDD-1D3E-46AB-89E2-D3F6D10884EC}.Release FreetypeDLL|x86.Build.0 = Release|Win32
		{2F95FCDD-1D3E-46AB-89E2-D3F6D10884EC}.Release FreetypeStatic|x64.ActiveCfg = Release|x64
		{2F95FCDD-1D3E-46AB-89E2-D3F6D10884EC}.Release FreetypeStatic|x64.Build.0 = Release|x64
		{2F95FCDD-1D3E-46AB-89E2-D3F6D10884EC}.Release FreetypeStatic|x86.ActiveCfg = Release|Win32
		{2F95FCDD-1D3E-46AB-89E2-D3F6D10884EC}.Release FreetypeStatic|x86.Build.0 = Release|Win32
		{2F95FCDD-1D3E-46AB-89E2-D3F6D10884EC}.Release_CRT|x64.ActiveCfg = Release_CRT|x64
		{2F95FCDD-1D3E-46AB-89E2-D3F6D10884EC}.Release_CRT|x64.Build.0 = Release_CRT|x64
		{2F95FCDD-1D3E-46AB-89E2-D3F6D10884EC}.Release_CRT|x86.ActiveCfg = Release_CRT|Win32
		{2F95FCDD-1D3E-46AB-89E2-D3F6D10884EC}.Release_CRT|x86.Build.0 = Release_CRT|Win32
		{2F95FCDD-1D3E-46AB-89E2-D3F6D10884EC}.Release_NonTOS|x64.ActiveCfg = Release|x64
		{2F95FCDD-1D3E-46AB-89E2-D3F6D10884EC}.Release_NonTOS|x64.Build.0 = Release|x64
		{2F95FCDD-1D3E-46AB-89E2-D3F6D10884EC}.Release_NonTOS|x86.ActiveCfg = Release_CRT|Win32
		{2F95FCDD-1D3E-46AB-89E2-D3F6D10884EC}.Release_NonTOS|x86.Build.0 = Release_CRT|Win32
		{2F95FCDD-1D3E-46AB-89E2-D3F6D10884EC}.Release_Private|x64.ActiveCfg = Release|x64
		{2F95FCDD-1D3E-46AB-89E2-D3F6D10884EC}.Release_Private|x64.Build.0 = Release|x64
		{2F95FCDD-1D3E-46AB-89E2-D3F6D10884EC}.Release_Private|x86.ActiveCfg = Release_CRT|Win32
		{2F95FCDD-1D3E-46AB-89E2-D3F6D10884EC}.Release_Private|x86.Build.0 = Release_CRT|Win32
		{2F95FCDD-1D3E-46AB-89E2-D3F6D10884EC}.Release|x64.ActiveCfg = Release|x64
		{2F95FCDD-1D3E-46AB-89E2-D3F6D10884EC}.Release|x64.Build.0 = Release|x64
		{2F95FCDD-1D3E-46AB-89E2-D3F6D10884EC}.Release|x86.ActiveCfg = Release|Win32
		{2F95FCDD-1D3E-46AB-89E2-D3F6D10884EC}.Release|x86.Build.0 = Release|Win32
		{78B079BD-9FC7-4B9E-B4A6-96DA0F00248B}.Debug FreetypeDLL|x64.ActiveCfg = Debug|x64
		{78B079BD-9FC7-4B9E-B4A6-96DA0F00248B}.Debug FreetypeDLL|x86.ActiveCfg = Debug Multithreaded|Win32
		{78B079BD-9FC7-4B9E-B4A6-96DA0F00248B}.Debug FreetypeDLL|x86.Build.0 = Debug Multithreaded|Win32
		{78B079BD-9FC7-4B9E-B4A6-96DA0F00248B}.Debug FreetypeStatic|x64.ActiveCfg = Debug|x64
		{78B079BD-9FC7-4B9E-B4A6-96DA0F00248B}.Debug FreetypeStatic|x86.ActiveCfg = Debug Multithreaded|Win32
		{78B079BD-9FC7-4B9E-B4A6-96DA0F00248B}.Debug FreetypeStatic|x86.Build.0 = Debug Multithreaded|Win32
		{78B079BD-9FC7-4B9E-B4A6-96DA0F00248B}.Debug_CRT|x64.ActiveCfg = Debug Multithreaded|x64
		{78B079BD-9FC7-4B9E-B4A6-96DA0F00248B}.Debug_CRT|x86.ActiveCfg = Debug Multithreaded|Win32
		{78B079BD-9FC7-4B9E-B4A6-96DA0F00248B}.Debug_CRT|x86.Build.0 = Debug Multithreaded|Win32
		{78B079BD-9FC7-4B9E-B4A6-96DA0F00248B}.Debug|x64.ActiveCfg = Debug|x64
		{78B079BD-9FC7-4B9E-B4A6-96DA0F00248B}.Debug|x86.ActiveCfg = Debug|Win32
		{78B079BD-9FC7-4B9E-B4A6-96DA0F00248B}.Debug|x86.Build.0 = Debug|Win32
		{78B079BD-9FC7-4B9E-B4A6-96DA0F00248B}.Release FreetypeDLL|x64.ActiveCfg = Release|x64
		{78B079BD-9FC7-4B9E-B4A6-96DA0F00248B}.Release FreetypeDLL|x86.ActiveCfg = Release Multithreaded|Win32
		{78B079BD-9FC7-4B9E-B4A6-96DA0F00248B}.Release FreetypeDLL|x86.Build.0 = Release Multithreaded|Win32
		{78B079BD-9FC7-4B9E-B4A6-96DA0F00248B}.Release FreetypeStatic|x64.ActiveCfg = Release|x64
		{78B079BD-9FC7-4B9E-B4A6-96DA0F00248B}.Release FreetypeStatic|x86.ActiveCfg = Release Multithreaded|Win32
		{78B079BD-9FC7-4B9E-B4A6-96DA0F00248B}.Release FreetypeStatic|x86.Build.0 = Release Multithreaded|Win32
		{78B079BD-9FC7-4B9E-B4A6-96DA0F00248B}.Release_CRT|x64.ActiveCfg = Release Multithreaded|x64
		{78B079BD-9FC7-4B9E-B4A6-96DA0F00248B}.Release_CRT|x86.ActiveCfg = Release Multithreaded|Win32
		{78B079BD-9FC7-4B9E-B4A6-96DA0F00248B}.Release_CRT|x86.Build.0 = Release Multithreaded|Win32
		{78B079BD-9FC7-4B9E-B4A6-96DA0F00248B}.Release_NonTOS|x64.ActiveCfg = Release|x64
		{78B079BD-9FC7-4B9E-B4A6-96DA0F00248B}.Release_NonTOS|x86.ActiveCfg = Release Singlethreaded|Win32
		{78B079BD-9FC7-4B9E-B4A6-96DA0F00248B}.Release_NonTOS|x86.Build.0 = Release Singlethreaded|Win32
		{78B079BD-9FC7-4B9E-B4A6-96DA0F00248B}.Release_Private|x64.ActiveCfg = Release|x64
		{78B079BD-9FC7-4B9E-B4A6-96DA0F00248B}.Release_Private|x86.ActiveCfg = Release Singlethreaded|Win32
		{78B079BD-9FC7-4B9E-B4A6-96DA0F00248B}.Release_Private|x86.Build.0 = Release Singlethreaded|Win32
		{78B079BD-9FC7-4B9E-B4A6-96DA0F00248B}.Release|x64.ActiveCfg = Release|x64
		{78B079BD-9FC7-4B9E-B4A6-96DA0F00248B}.Release|x86.ActiveCfg = Release|Win32
		{78B079BD-9FC7-4B9E-B4A6-96DA0F00248B}.Release|x86.Build.0 = Release|Win32
	EndGlobalSection
	GlobalSection(SolutionProperties) = preSolution
		HideSolutionNode = FALSE
	EndGlobalSection
EndGlobal
